<?xml version="1.0" encoding="utf-8"?>
<Project ToolsVersion="4.0" xmlns="http://schemas.microsoft.com/developer/msbuild/2003">
  <ItemGroup>
    <Filter Include="Исходные файлы">
      <UniqueIdentifier>{4FC737F1-C7A5-4376-A066-2A32D752A2FF}</UniqueIdentifier>
      <Extensions>cpp;c;cc;cxx;c++;cppm;ixx;def;odl;idl;hpj;bat;asm;asmx</Extensions>
    </Filter>
    <Filter Include="Файлы заголовков">
      <UniqueIdentifier>{93995380-89BD-4b04-88EB-625FBE52EBFB}</UniqueIdentifier>
      <Extensions>h;hh;hpp;hxx;h++;hm;inl;inc;ipp;xsd</Extensions>
    </Filter>
    <Filter Include="Файлы ресурсов">
      <UniqueIdentifier>{67DA6AB6-F800-4c08-8B7A-83BB121AAD01}</UniqueIdentifier>
      <Extensions>rc;ico;cur;bmp;dlg;rc2;rct;bin;rgs;gif;jpg;jpeg;jpe;resx;tiff;tif;png;wav;mfcribbon-ms</Extensions>
    </Filter>
  </ItemGroup>
  <ItemGroup>
    <ClCompile Include="Src\DllMain.cpp">
      <Filter>Исходные файлы</Filter>
    </ClCompile>
    <ClCompile Include="Src\Hooks.cpp">
      <Filter>Исходные файлы</Filter>
    </ClCompile>
    <ClCompile Include="Src\Logger.cpp">
      <Filter>Исходные файлы</Filter>
    </ClCompile>
    <ClCompile Include="Src\LuaMachine.cpp">
      <Filter>Исходные файлы</Filter>
    </ClCompile>
    <ClCompile Include="Src\LuaHooks.cpp">
      <Filter>Исходные файлы</Filter>
    </ClCompile>
    <ClCompile Include="Src\JassNatives.cpp">
      <Filter>Исходные файлы</Filter>
    </ClCompile>
    <ClCompile Include="Src\LuaFunctions.cpp">
      <Filter>Исходные файлы</Filter>
    </ClCompile>
    <ClCompile Include="Src\Warcraft.cpp">
      <Filter>Исходные файлы</Filter>
    </ClCompile>
    <ClCompile Include="Src\JassMachine.cpp">
      <Filter>Исходные файлы</Filter>
    </ClCompile>
    <ClCompile Include="Src\EasyStormLib\EasyStormLib.cpp">
      <Filter>Исходные файлы</Filter>
    </ClCompile>
    <ClCompile Include="Src\pch.cpp">
      <Filter>Исходные файлы</Filter>
    </ClCompile>
    <ClCompile Include="3rd\lua\lapi.c">
      <Filter>Исходные файлы</Filter>
    </ClCompile>
    <ClCompile Include="3rd\lua\lauxlib.c">
      <Filter>Исходные файлы</Filter>
    </ClCompile>
    <ClCompile Include="3rd\lua\lbaselib.c">
      <Filter>Исходные файлы</Filter>
    </ClCompile>
    <ClCompile Include="3rd\lua\lcode.c">
      <Filter>Исходные файлы</Filter>
    </ClCompile>
    <ClCompile Include="3rd\lua\lcorolib.c">
      <Filter>Исходные файлы</Filter>
    </ClCompile>
    <ClCompile Include="3rd\lua\lctype.c">
      <Filter>Исходные файлы</Filter>
    </ClCompile>
    <ClCompile Include="3rd\lua\ldblib.c">
      <Filter>Исходные файлы</Filter>
    </ClCompile>
    <ClCompile Include="3rd\lua\ldebug.c">
      <Filter>Исходные файлы</Filter>
    </ClCompile>
    <ClCompile Include="3rd\lua\ldo.c">
      <Filter>Исходные файлы</Filter>
    </ClCompile>
    <ClCompile Include="3rd\lua\ldump.c">
      <Filter>Исходные файлы</Filter>
    </ClCompile>
    <ClCompile Include="3rd\lua\lfunc.c">
      <Filter>Исходные файлы</Filter>
    </ClCompile>
    <ClCompile Include="3rd\lua\lgc.c">
      <Filter>Исходные файлы</Filter>
    </ClCompile>
    <ClCompile Include="3rd\lua\linit.c">
      <Filter>Исходные файлы</Filter>
    </ClCompile>
    <ClCompile Include="3rd\lua\liolib.c">
      <Filter>Исходные файлы</Filter>
    </ClCompile>
    <ClCompile Include="3rd\lua\llex.c">
      <Filter>Исходные файлы</Filter>
    </ClCompile>
    <ClCompile Include="3rd\lua\lmathlib.c">
      <Filter>Исходные файлы</Filter>
    </ClCompile>
    <ClCompile Include="3rd\lua\lmem.c">
      <Filter>Исходные файлы</Filter>
    </ClCompile>
    <ClCompile Include="3rd\lua\loadlib.c">
      <Filter>Исходные файлы</Filter>
    </ClCompile>
    <ClCompile Include="3rd\lua\lobject.c">
      <Filter>Исходные файлы</Filter>
    </ClCompile>
    <ClCompile Include="3rd\lua\lopcodes.c">
      <Filter>Исходные файлы</Filter>
    </ClCompile>
    <ClCompile Include="3rd\lua\loslib.c">
      <Filter>Исходные файлы</Filter>
    </ClCompile>
    <ClCompile Include="3rd\lua\lparser.c">
      <Filter>Исходные файлы</Filter>
    </ClCompile>
    <ClCompile Include="3rd\lua\lstate.c">
      <Filter>Исходные файлы</Filter>
    </ClCompile>
    <ClCompile Include="3rd\lua\lstring.c">
      <Filter>Исходные файлы</Filter>
    </ClCompile>
    <ClCompile Include="3rd\lua\lstrlib.c">
      <Filter>Исходные файлы</Filter>
    </ClCompile>
    <ClCompile Include="3rd\lua\ltable.c">
      <Filter>Исходные файлы</Filter>
    </ClCompile>
    <ClCompile Include="3rd\lua\ltablib.c">
      <Filter>Исходные файлы</Filter>
    </ClCompile>
    <ClCompile Include="3rd\lua\ltm.c">
      <Filter>Исходные файлы</Filter>
    </ClCompile>
    <ClCompile Include="3rd\lua\lua.c">
      <Filter>Исходные файлы</Filter>
    </ClCompile>
    <ClCompile Include="3rd\lua\luac.c">
      <Filter>Исходные файлы</Filter>
    </ClCompile>
    <ClCompile Include="3rd\lua\lundump.c">
      <Filter>Исходные файлы</Filter>
    </ClCompile>
    <ClCompile Include="3rd\lua\lutf8lib.c">
      <Filter>Исходные файлы</Filter>
    </ClCompile>
    <ClCompile Include="3rd\lua\lvm.c">
      <Filter>Исходные файлы</Filter>
    </ClCompile>
    <ClCompile Include="3rd\lua\lzio.c">
      <Filter>Исходные файлы</Filter>
    </ClCompile>
    <ClCompile Include="Src\Offsets.cpp">
      <Filter>Исходные файлы</Filter>
    </ClCompile>
    <ClCompile Include="Src\Detours.cpp">
      <Filter>Исходные файлы</Filter>
    </ClCompile>
    <ClCompile Include="Src\Utils.cpp">
      <Filter>Исходные файлы</Filter>
    </ClCompile>
  </ItemGroup>
  <ItemGroup>
    <ClInclude Include="Src\Hooks.h">
      <Filter>Файлы заголовков</Filter>
    </ClInclude>
    <ClInclude Include="Src\Logger.h">
      <Filter>Файлы заголовков</Filter>
    </ClInclude>
    <ClInclude Include="Src\LuaMachine.h">
      <Filter>Файлы заголовков</Filter>
    </ClInclude>
    <ClInclude Include="Src\LuaHooks.h">
      <Filter>Файлы заголовков</Filter>
    </ClInclude>
    <ClInclude Include="Src\JassNatives.h">
      <Filter>Файлы заголовков</Filter>
    </ClInclude>
    <ClInclude Include="Src\LuaFunctions.h">
      <Filter>Файлы заголовков</Filter>
    </ClInclude>
    <ClInclude Include="Src\Warcraft.h">
      <Filter>Файлы заголовков</Filter>
    </ClInclude>
    <ClInclude Include="Src\JassMachine.h">
      <Filter>Файлы заголовков</Filter>
    </ClInclude>
    <ClInclude Include="Src\fp_call.h">
      <Filter>Файлы заголовков</Filter>
    </ClInclude>
    <ClInclude Include="Src\EasyStormLib\EasyStormLib.h">
      <Filter>Файлы заголовков</Filter>
    </ClInclude>
    <ClInclude Include="Src\EasyStormLib\StormLib.h">
      <Filter>Файлы заголовков</Filter>
    </ClInclude>
    <ClInclude Include="Src\pch.h">
      <Filter>Файлы заголовков</Filter>
    </ClInclude>
    <ClInclude Include="3rd\lua\lapi.h">
      <Filter>Файлы заголовков</Filter>
    </ClInclude>
    <ClInclude Include="3rd\lua\lauxlib.h">
      <Filter>Файлы заголовков</Filter>
    </ClInclude>
    <ClInclude Include="3rd\lua\lcode.h">
      <Filter>Файлы заголовков</Filter>
    </ClInclude>
    <ClInclude Include="3rd\lua\lctype.h">
      <Filter>Файлы заголовков</Filter>
    </ClInclude>
    <ClInclude Include="3rd\lua\ldebug.h">
      <Filter>Файлы заголовков</Filter>
    </ClInclude>
    <ClInclude Include="3rd\lua\ldo.h">
      <Filter>Файлы заголовков</Filter>
    </ClInclude>
    <ClInclude Include="3rd\lua\lfunc.h">
      <Filter>Файлы заголовков</Filter>
    </ClInclude>
    <ClInclude Include="3rd\lua\lgc.h">
      <Filter>Файлы заголовков</Filter>
    </ClInclude>
    <ClInclude Include="3rd\lua\ljumptab.h">
      <Filter>Файлы заголовков</Filter>
    </ClInclude>
    <ClInclude Include="3rd\lua\llex.h">
      <Filter>Файлы заголовков</Filter>
    </ClInclude>
    <ClInclude Include="3rd\lua\llimits.h">
      <Filter>Файлы заголовков</Filter>
    </ClInclude>
    <ClInclude Include="3rd\lua\lmem.h">
      <Filter>Файлы заголовков</Filter>
    </ClInclude>
    <ClInclude Include="3rd\lua\lobject.h">
      <Filter>Файлы заголовков</Filter>
    </ClInclude>
    <ClInclude Include="3rd\lua\lopcodes.h">
      <Filter>Файлы заголовков</Filter>
    </ClInclude>
    <ClInclude Include="3rd\lua\lopnames.h">
      <Filter>Файлы заголовков</Filter>
    </ClInclude>
    <ClInclude Include="3rd\lua\lparser.h">
      <Filter>Файлы заголовков</Filter>
    </ClInclude>
    <ClInclude Include="3rd\lua\lprefix.h">
      <Filter>Файлы заголовков</Filter>
    </ClInclude>
    <ClInclude Include="3rd\lua\lstate.h">
      <Filter>Файлы заголовков</Filter>
    </ClInclude>
    <ClInclude Include="3rd\lua\lstring.h">
      <Filter>Файлы заголовков</Filter>
    </ClInclude>
    <ClInclude Include="3rd\lua\ltable.h">
      <Filter>Файлы заголовков</Filter>
    </ClInclude>
    <ClInclude Include="3rd\lua\ltm.h">
      <Filter>Файлы заголовков</Filter>
    </ClInclude>
    <ClInclude Include="3rd\lua\lua.h">
      <Filter>Файлы заголовков</Filter>
    </ClInclude>
    <ClInclude Include="3rd\lua\lua.hpp">
      <Filter>Файлы заголовков</Filter>
    </ClInclude>
    <ClInclude Include="3rd\lua\luaconf.h">
      <Filter>Файлы заголовков</Filter>
    </ClInclude>
    <ClInclude Include="3rd\lua\lualib.h">
      <Filter>Файлы заголовков</Filter>
    </ClInclude>
    <ClInclude Include="3rd\lua\lundump.h">
      <Filter>Файлы заголовков</Filter>
    </ClInclude>
    <ClInclude Include="3rd\lua\lvm.h">
      <Filter>Файлы заголовков</Filter>
    </ClInclude>
    <ClInclude Include="3rd\lua\lzio.h">
      <Filter>Файлы заголовков</Filter>
    </ClInclude>
    <ClInclude Include="Src\Offsets.h">
      <Filter>Файлы заголовков</Filter>
    </ClInclude>
    <ClInclude Include="Src\Detours.h">
      <Filter>Файлы заголовков</Filter>
    </ClInclude>
    <ClInclude Include="Src\Utils.h">
      <Filter>Файлы заголовков</Filter>
    </ClInclude>
  </ItemGroup>
  <ItemGroup>
    <None Include="packages.config" />
  </ItemGroup>
</Project>